
Microsoft Visual Studio Solution File, Format Version 12.00
# Visual Studio 15
Project("{FAE04EC0-301F-11D3-BF4B-00C04F79EFBC}") = "Assembly-CSharp-Editor", "Assembly-CSharp-Editor.csproj", "{320ECF61-5A94-FFB2-62C1-BC0AC05596F0}"
EndProject
Project("{FAE04EC0-301F-11D3-BF4B-00C04F79EFBC}") = "Assembly-CSharp", "Assembly-CSharp.csproj", "{923138A9-7042-65C3-50A1-2B6DBA7EEF29}"
EndProject
Global
	GlobalSection(SolutionConfigurationPlatforms) = preSolution
		Debug|Any CPU = Debug|Any CPU
		Release|Any CPU = Release|Any CPU
	EndGlobalSection
	GlobalSection(ProjectConfigurationPlatforms) = postSolution
		{320ECF61-5A94-FFB2-62C1-BC0AC05596F0}.Debug|Any CPU.ActiveCfg = Debug|Any CPU
		{320ECF61-5A94-FFB2-62C1-BC0AC05596F0}.Debug|Any CPU.Build.0 = Debug|Any CPU
		{320ECF61-5A94-FFB2-62C1-BC0AC05596F0}.Release|Any CPU.ActiveCfg = Release|Any CPU
		{320ECF61-5A94-FFB2-62C1-BC0AC05596F0}.Release|Any CPU.Build.0 = Release|Any CPU
		{923138A9-7042-65C3-50A1-2B6DBA7EEF29}.Debug|Any CPU.ActiveCfg = Debug|Any CPU
		{923138A9-7042-65C3-50A1-2B6DBA7EEF29}.Debug|Any CPU.Build.0 = Debug|Any CPU
		{923138A9-7042-65C3-50A1-2B6DBA7EEF29}.Release|Any CPU.ActiveCfg = Release|Any CPU
		{923138A9-7042-65C3-50A1-2B6DBA7EEF29}.Release|Any CPU.Build.0 = Release|Any CPU
	EndGlobalSection
	GlobalSection(SolutionProperties) = preSolution
		HideSolutionNode = FALSE
	EndGlobalSection
EndGlobal
